// !$*UTF8*$!
{
	archiveVersion = 1;
	classes = {
	};
	objectVersion = 56;
	objects = {

/* Begin PBXBuildFile section */
		700481692B39AC4400672DB4 /* EmailLogViewController.swift in Sources */ = {isa = PBXBuildFile; fileRef = 700481682B39AC4400672DB4 /* EmailLogViewController.swift */; };
		7004816B2B39ADF200672DB4 /* EmailSignViewController.swift in Sources */ = {isa = PBXBuildFile; fileRef = 7004816A2B39ADF200672DB4 /* EmailSignViewController.swift */; };
		70161F932B459B9700E343A9 /* EventsTableViewController.swift in Sources */ = {isa = PBXBuildFile; fileRef = 70161F922B459B9700E343A9 /* EventsTableViewController.swift */; };
		70161F952B459C1300E343A9 /* EventTableViewCell.swift in Sources */ = {isa = PBXBuildFile; fileRef = 70161F942B459C1300E343A9 /* EventTableViewCell.swift */; };
		70161F972B459C2700E343A9 /* EventDetailViewController.swift in Sources */ = {isa = PBXBuildFile; fileRef = 70161F962B459C2700E343A9 /* EventDetailViewController.swift */; };
		704955102B53D86A00E8312E /* Request.swift in Sources */ = {isa = PBXBuildFile; fileRef = 7049550F2B53D86A00E8312E /* Request.swift */; };
		705E990E2B60195D006F2937 /* CustomButton.swift in Sources */ = {isa = PBXBuildFile; fileRef = 705E990D2B60195D006F2937 /* CustomButton.swift */; };
		7062A20E2B33290800BDD02A /* FirebaseAuth in Frameworks */ = {isa = PBXBuildFile; productRef = 7062A20D2B33290800BDD02A /* FirebaseAuth */; };
		7062A2102B33290800BDD02A /* FirebaseDatabase in Frameworks */ = {isa = PBXBuildFile; productRef = 7062A20F2B33290800BDD02A /* FirebaseDatabase */; };
		7062A2122B33290800BDD02A /* FirebaseDatabaseSwift in Frameworks */ = {isa = PBXBuildFile; productRef = 7062A2112B33290800BDD02A /* FirebaseDatabaseSwift */; };
		7062A2142B33290800BDD02A /* FirebaseFirestore in Frameworks */ = {isa = PBXBuildFile; productRef = 7062A2132B33290800BDD02A /* FirebaseFirestore */; };
		7062A2162B33290800BDD02A /* FirebaseFirestoreSwift in Frameworks */ = {isa = PBXBuildFile; productRef = 7062A2152B33290800BDD02A /* FirebaseFirestoreSwift */; };
		7062A2182B33290800BDD02A /* FirebaseStorage in Frameworks */ = {isa = PBXBuildFile; productRef = 7062A2172B33290800BDD02A /* FirebaseStorage */; };
		7062A21C2B33343400BDD02A /* MapScreenViewController.swift in Sources */ = {isa = PBXBuildFile; fileRef = 7062A21B2B33343400BDD02A /* MapScreenViewController.swift */; };
		7062A21E2B333A0400BDD02A /* GoogleService-Info.plist in Resources */ = {isa = PBXBuildFile; fileRef = 7062A21D2B333A0400BDD02A /* GoogleService-Info.plist */; };
		7062A2212B333A4F00BDD02A /* GoogleSignIn in Frameworks */ = {isa = PBXBuildFile; productRef = 7062A2202B333A4F00BDD02A /* GoogleSignIn */; };
		7062A2232B333A4F00BDD02A /* GoogleSignInSwift in Frameworks */ = {isa = PBXBuildFile; productRef = 7062A2222B333A4F00BDD02A /* GoogleSignInSwift */; };
		7062A2252B333B8E00BDD02A /* GoogleSignIn in Frameworks */ = {isa = PBXBuildFile; productRef = 7062A2242B333B8E00BDD02A /* GoogleSignIn */; };
		7062A2272B333B8E00BDD02A /* GoogleSignInSwift in Frameworks */ = {isa = PBXBuildFile; productRef = 7062A2262B333B8E00BDD02A /* GoogleSignInSwift */; };
		7070CE8E2B32094E00F8B450 /* AppDelegate.swift in Sources */ = {isa = PBXBuildFile; fileRef = 7070CE8D2B32094E00F8B450 /* AppDelegate.swift */; };
		7070CE902B32094E00F8B450 /* SceneDelegate.swift in Sources */ = {isa = PBXBuildFile; fileRef = 7070CE8F2B32094E00F8B450 /* SceneDelegate.swift */; };
		7070CE922B32094E00F8B450 /* AccountViewController.swift in Sources */ = {isa = PBXBuildFile; fileRef = 7070CE912B32094E00F8B450 /* AccountViewController.swift */; };
		7070CE952B32094E00F8B450 /* Main.storyboard in Resources */ = {isa = PBXBuildFile; fileRef = 7070CE932B32094E00F8B450 /* Main.storyboard */; };
		7070CE9A2B32094F00F8B450 /* LaunchScreen.storyboard in Resources */ = {isa = PBXBuildFile; fileRef = 7070CE982B32094F00F8B450 /* LaunchScreen.storyboard */; };
		7070CEA52B32094F00F8B450 /* UAVolunteerTests.swift in Sources */ = {isa = PBXBuildFile; fileRef = 7070CEA42B32094F00F8B450 /* UAVolunteerTests.swift */; };
		7070CEAF2B32094F00F8B450 /* UAVolunteerUITests.swift in Sources */ = {isa = PBXBuildFile; fileRef = 7070CEAE2B32094F00F8B450 /* UAVolunteerUITests.swift */; };
		7070CEB12B32094F00F8B450 /* UAVolunteerUITestsLaunchTests.swift in Sources */ = {isa = PBXBuildFile; fileRef = 7070CEB02B32094F00F8B450 /* UAVolunteerUITestsLaunchTests.swift */; };
		7076240D2B3D64C200CF6703 /* MainTabBarController.swift in Sources */ = {isa = PBXBuildFile; fileRef = 7076240C2B3D64C200CF6703 /* MainTabBarController.swift */; };
		7076240F2B3DC5AD00CF6703 /* DetailViewController.swift in Sources */ = {isa = PBXBuildFile; fileRef = 7076240E2B3DC5AD00CF6703 /* DetailViewController.swift */; };
		707624112B3DC5C700CF6703 /* DetailCollectionViewCell.swift in Sources */ = {isa = PBXBuildFile; fileRef = 707624102B3DC5C700CF6703 /* DetailCollectionViewCell.swift */; };
		70B531CA2B3C5D7200634106 /* Assets.xcassets in Resources */ = {isa = PBXBuildFile; fileRef = 70B531C92B3C5D7200634106 /* Assets.xcassets */; };
		70C267962B5479110088C440 /* ProfileViewController.swift in Sources */ = {isa = PBXBuildFile; fileRef = 70C267952B5479110088C440 /* ProfileViewController.swift */; };
/* End PBXBuildFile section */

/* Begin PBXContainerItemProxy section */
		7070CEA12B32094F00F8B450 /* PBXContainerItemProxy */ = {
			isa = PBXContainerItemProxy;
			containerPortal = 7070CE822B32094E00F8B450 /* Project object */;
			proxyType = 1;
			remoteGlobalIDString = 7070CE892B32094E00F8B450;
			remoteInfo = UAVolunteer;
		};
		7070CEAB2B32094F00F8B450 /* PBXContainerItemProxy */ = {
			isa = PBXContainerItemProxy;
			containerPortal = 7070CE822B32094E00F8B450 /* Project object */;
			proxyType = 1;
			remoteGlobalIDString = 7070CE892B32094E00F8B450;
			remoteInfo = UAVolunteer;
		};
/* End PBXContainerItemProxy section */

/* Begin PBXFileReference section */
		700481682B39AC4400672DB4 /* EmailLogViewController.swift */ = {isa = PBXFileReference; lastKnownFileType = sourcecode.swift; path = EmailLogViewController.swift; sourceTree = "<group>"; };
		7004816A2B39ADF200672DB4 /* EmailSignViewController.swift */ = {isa = PBXFileReference; lastKnownFileType = sourcecode.swift; path = EmailSignViewController.swift; sourceTree = "<group>"; };
		70161F922B459B9700E343A9 /* EventsTableViewController.swift */ = {isa = PBXFileReference; lastKnownFileType = sourcecode.swift; path = EventsTableViewController.swift; sourceTree = "<group>"; };
		70161F942B459C1300E343A9 /* EventTableViewCell.swift */ = {isa = PBXFileReference; lastKnownFileType = sourcecode.swift; path = EventTableViewCell.swift; sourceTree = "<group>"; };
		70161F962B459C2700E343A9 /* EventDetailViewController.swift */ = {isa = PBXFileReference; lastKnownFileType = sourcecode.swift; path = EventDetailViewController.swift; sourceTree = "<group>"; };
		7049550F2B53D86A00E8312E /* Request.swift */ = {isa = PBXFileReference; lastKnownFileType = sourcecode.swift; path = Request.swift; sourceTree = "<group>"; };
		705E990D2B60195D006F2937 /* CustomButton.swift */ = {isa = PBXFileReference; lastKnownFileType = sourcecode.swift; path = CustomButton.swift; sourceTree = "<group>"; };
		7062A21B2B33343400BDD02A /* MapScreenViewController.swift */ = {isa = PBXFileReference; lastKnownFileType = sourcecode.swift; path = MapScreenViewController.swift; sourceTree = "<group>"; };
		7062A21D2B333A0400BDD02A /* GoogleService-Info.plist */ = {isa = PBXFileReference; fileEncoding = 4; lastKnownFileType = text.plist.xml; path = "GoogleService-Info.plist"; sourceTree = "<group>"; };
		7070CE8A2B32094E00F8B450 /* UAVolunteer.app */ = {isa = PBXFileReference; explicitFileType = wrapper.application; includeInIndex = 0; path = UAVolunteer.app; sourceTree = BUILT_PRODUCTS_DIR; };
		7070CE8D2B32094E00F8B450 /* AppDelegate.swift */ = {isa = PBXFileReference; lastKnownFileType = sourcecode.swift; path = AppDelegate.swift; sourceTree = "<group>"; };
		7070CE8F2B32094E00F8B450 /* SceneDelegate.swift */ = {isa = PBXFileReference; lastKnownFileType = sourcecode.swift; path = SceneDelegate.swift; sourceTree = "<group>"; };
		7070CE912B32094E00F8B450 /* AccountViewController.swift */ = {isa = PBXFileReference; lastKnownFileType = sourcecode.swift; path = AccountViewController.swift; sourceTree = "<group>"; };
		7070CE942B32094E00F8B450 /* Base */ = {isa = PBXFileReference; lastKnownFileType = file.storyboard; name = Base; path = Base.lproj/Main.storyboard; sourceTree = "<group>"; };
		7070CE992B32094F00F8B450 /* Base */ = {isa = PBXFileReference; lastKnownFileType = file.storyboard; name = Base; path = Base.lproj/LaunchScreen.storyboard; sourceTree = "<group>"; };
		7070CE9B2B32094F00F8B450 /* Info.plist */ = {isa = PBXFileReference; lastKnownFileType = text.plist.xml; path = Info.plist; sourceTree = "<group>"; };
		7070CEA02B32094F00F8B450 /* UAVolunteerTests.xctest */ = {isa = PBXFileReference; explicitFileType = wrapper.cfbundle; includeInIndex = 0; path = UAVolunteerTests.xctest; sourceTree = BUILT_PRODUCTS_DIR; };
		7070CEA42B32094F00F8B450 /* UAVolunteerTests.swift */ = {isa = PBXFileReference; lastKnownFileType = sourcecode.swift; path = UAVolunteerTests.swift; sourceTree = "<group>"; };
		7070CEAA2B32094F00F8B450 /* UAVolunteerUITests.xctest */ = {isa = PBXFileReference; explicitFileType = wrapper.cfbundle; includeInIndex = 0; path = UAVolunteerUITests.xctest; sourceTree = BUILT_PRODUCTS_DIR; };
		7070CEAE2B32094F00F8B450 /* UAVolunteerUITests.swift */ = {isa = PBXFileReference; lastKnownFileType = sourcecode.swift; path = UAVolunteerUITests.swift; sourceTree = "<group>"; };
		7070CEB02B32094F00F8B450 /* UAVolunteerUITestsLaunchTests.swift */ = {isa = PBXFileReference; lastKnownFileType = sourcecode.swift; path = UAVolunteerUITestsLaunchTests.swift; sourceTree = "<group>"; };
		7076240C2B3D64C200CF6703 /* MainTabBarController.swift */ = {isa = PBXFileReference; lastKnownFileType = sourcecode.swift; path = MainTabBarController.swift; sourceTree = "<group>"; };
		7076240E2B3DC5AD00CF6703 /* DetailViewController.swift */ = {isa = PBXFileReference; lastKnownFileType = sourcecode.swift; path = DetailViewController.swift; sourceTree = "<group>"; };
		707624102B3DC5C700CF6703 /* DetailCollectionViewCell.swift */ = {isa = PBXFileReference; lastKnownFileType = sourcecode.swift; path = DetailCollectionViewCell.swift; sourceTree = "<group>"; };
		70B531C92B3C5D7200634106 /* Assets.xcassets */ = {isa = PBXFileReference; lastKnownFileType = folder.assetcatalog; path = Assets.xcassets; sourceTree = "<group>"; };
		70C267952B5479110088C440 /* ProfileViewController.swift */ = {isa = PBXFileReference; lastKnownFileType = sourcecode.swift; path = ProfileViewController.swift; sourceTree = "<group>"; };
/* End PBXFileReference section */

/* Begin PBXFrameworksBuildPhase section */
		7070CE872B32094E00F8B450 /* Frameworks */ = {
			isa = PBXFrameworksBuildPhase;
			buildActionMask = 2147483647;
			files = (
				7062A2162B33290800BDD02A /* FirebaseFirestoreSwift in Frameworks */,
				7062A2122B33290800BDD02A /* FirebaseDatabaseSwift in Frameworks */,
				7062A2142B33290800BDD02A /* FirebaseFirestore in Frameworks */,
				7062A2232B333A4F00BDD02A /* GoogleSignInSwift in Frameworks */,
				7062A2102B33290800BDD02A /* FirebaseDatabase in Frameworks */,
				7062A20E2B33290800BDD02A /* FirebaseAuth in Frameworks */,
				7062A2182B33290800BDD02A /* FirebaseStorage in Frameworks */,
				7062A2212B333A4F00BDD02A /* GoogleSignIn in Frameworks */,
			);
			runOnlyForDeploymentPostprocessing = 0;
		};
		7070CE9D2B32094F00F8B450 /* Frameworks */ = {
			isa = PBXFrameworksBuildPhase;
			buildActionMask = 2147483647;
			files = (
				7062A2252B333B8E00BDD02A /* GoogleSignIn in Frameworks */,
				7062A2272B333B8E00BDD02A /* GoogleSignInSwift in Frameworks */,
			);
			runOnlyForDeploymentPostprocessing = 0;
		};
		7070CEA72B32094F00F8B450 /* Frameworks */ = {
			isa = PBXFrameworksBuildPhase;
			buildActionMask = 2147483647;
			files = (
			);
			runOnlyForDeploymentPostprocessing = 0;
		};
/* End PBXFrameworksBuildPhase section */

/* Begin PBXGroup section */
		7062A2192B33317300BDD02A /* Account */ = {
			isa = PBXGroup;
			children = (
				7070CE912B32094E00F8B450 /* AccountViewController.swift */,
				7004816A2B39ADF200672DB4 /* EmailSignViewController.swift */,
				700481682B39AC4400672DB4 /* EmailLogViewController.swift */,
			);
			path = Account;
			sourceTree = "<group>";
		};
		7062A21A2B33341C00BDD02A /* Main */ = {
			isa = PBXGroup;
			children = (
				7076240C2B3D64C200CF6703 /* MainTabBarController.swift */,
				7076240A2B3D649000CF6703 /* ProfileScreen */,
				707624092B3D648600CF6703 /* EventsScreen */,
				707624082B3D647C00CF6703 /* MapScreen */,
				7049550F2B53D86A00E8312E /* Request.swift */,
			);
			path = Main;
			sourceTree = "<group>";
		};
		7062A2282B333CE300BDD02A /* Frameworks */ = {
			isa = PBXGroup;
			children = (
			);
			name = Frameworks;
			sourceTree = "<group>";
		};
		7070CE812B32094E00F8B450 = {
			isa = PBXGroup;
			children = (
				7070CE8C2B32094E00F8B450 /* UAVolunteer */,
				7070CEA32B32094F00F8B450 /* UAVolunteerTests */,
				7070CEAD2B32094F00F8B450 /* UAVolunteerUITests */,
				7070CE8B2B32094E00F8B450 /* Products */,
				7062A2282B333CE300BDD02A /* Frameworks */,
			);
			sourceTree = "<group>";
		};
		7070CE8B2B32094E00F8B450 /* Products */ = {
			isa = PBXGroup;
			children = (
				7070CE8A2B32094E00F8B450 /* UAVolunteer.app */,
				7070CEA02B32094F00F8B450 /* UAVolunteerTests.xctest */,
				7070CEAA2B32094F00F8B450 /* UAVolunteerUITests.xctest */,
			);
			name = Products;
			sourceTree = "<group>";
		};
		7070CE8C2B32094E00F8B450 /* UAVolunteer */ = {
			isa = PBXGroup;
			children = (
				7070CE9B2B32094F00F8B450 /* Info.plist */,
				7070CEC02B32098300F8B450 /* Assets */,
				7070CEBF2B32097B00F8B450 /* Storyboards */,
				7070CEBE2B32097100F8B450 /* ViewControllers */,
				7070CEBD2B32096900F8B450 /* Delegates */,
			);
			path = UAVolunteer;
			sourceTree = "<group>";
		};
		7070CEA32B32094F00F8B450 /* UAVolunteerTests */ = {
			isa = PBXGroup;
			children = (
				7070CEA42B32094F00F8B450 /* UAVolunteerTests.swift */,
			);
			path = UAVolunteerTests;
			sourceTree = "<group>";
		};
		7070CEAD2B32094F00F8B450 /* UAVolunteerUITests */ = {
			isa = PBXGroup;
			children = (
				7070CEAE2B32094F00F8B450 /* UAVolunteerUITests.swift */,
				7070CEB02B32094F00F8B450 /* UAVolunteerUITestsLaunchTests.swift */,
			);
			path = UAVolunteerUITests;
			sourceTree = "<group>";
		};
		7070CEBD2B32096900F8B450 /* Delegates */ = {
			isa = PBXGroup;
			children = (
				7070CE8D2B32094E00F8B450 /* AppDelegate.swift */,
				7070CE8F2B32094E00F8B450 /* SceneDelegate.swift */,
			);
			path = Delegates;
			sourceTree = "<group>";
		};
		7070CEBE2B32097100F8B450 /* ViewControllers */ = {
			isa = PBXGroup;
			children = (
				7062A21A2B33341C00BDD02A /* Main */,
				7062A2192B33317300BDD02A /* Account */,
			);
			path = ViewControllers;
			sourceTree = "<group>";
		};
		7070CEBF2B32097B00F8B450 /* Storyboards */ = {
			isa = PBXGroup;
			children = (
				7070CE982B32094F00F8B450 /* LaunchScreen.storyboard */,
				7070CE932B32094E00F8B450 /* Main.storyboard */,
			);
			path = Storyboards;
			sourceTree = "<group>";
		};
		7070CEC02B32098300F8B450 /* Assets */ = {
			isa = PBXGroup;
			children = (
				70B531C92B3C5D7200634106 /* Assets.xcassets */,
				7062A21D2B333A0400BDD02A /* GoogleService-Info.plist */,
			);
			path = Assets;
			sourceTree = "<group>";
		};
		707624082B3D647C00CF6703 /* MapScreen */ = {
			isa = PBXGroup;
			children = (
				7062A21B2B33343400BDD02A /* MapScreenViewController.swift */,
				7076240E2B3DC5AD00CF6703 /* DetailViewController.swift */,
				707624102B3DC5C700CF6703 /* DetailCollectionViewCell.swift */,
			);
			path = MapScreen;
			sourceTree = "<group>";
		};
		707624092B3D648600CF6703 /* EventsScreen */ = {
			isa = PBXGroup;
			children = (
				70161F922B459B9700E343A9 /* EventsTableViewController.swift */,
				70161F942B459C1300E343A9 /* EventTableViewCell.swift */,
				70161F962B459C2700E343A9 /* EventDetailViewController.swift */,
			);
			path = EventsScreen;
			sourceTree = "<group>";
		};
		7076240A2B3D649000CF6703 /* ProfileScreen */ = {
			isa = PBXGroup;
			children = (
				70C267952B5479110088C440 /* ProfileViewController.swift */,
				705E990D2B60195D006F2937 /* CustomButton.swift */,
			);
			path = ProfileScreen;
			sourceTree = "<group>";
		};
/* End PBXGroup section */

/* Begin PBXNativeTarget section */
		7070CE892B32094E00F8B450 /* UAVolunteer */ = {
			isa = PBXNativeTarget;
			buildConfigurationList = 7070CEB42B32094F00F8B450 /* Build configuration list for PBXNativeTarget "UAVolunteer" */;
			buildPhases = (
				7070CE862B32094E00F8B450 /* Sources */,
				7070CE872B32094E00F8B450 /* Frameworks */,
				7070CE882B32094E00F8B450 /* Resources */,
			);
			buildRules = (
			);
			dependencies = (
			);
			name = UAVolunteer;
			packageProductDependencies = (
				7062A20D2B33290800BDD02A /* FirebaseAuth */,
				7062A20F2B33290800BDD02A /* FirebaseDatabase */,
				7062A2112B33290800BDD02A /* FirebaseDatabaseSwift */,
				7062A2132B33290800BDD02A /* FirebaseFirestore */,
				7062A2152B33290800BDD02A /* FirebaseFirestoreSwift */,
				7062A2172B33290800BDD02A /* FirebaseStorage */,
				7062A2202B333A4F00BDD02A /* GoogleSignIn */,
				7062A2222B333A4F00BDD02A /* GoogleSignInSwift */,
			);
			productName = UAVolunteer;
			productReference = 7070CE8A2B32094E00F8B450 /* UAVolunteer.app */;
			productType = "com.apple.product-type.application";
		};
		7070CE9F2B32094F00F8B450 /* UAVolunteerTests */ = {
			isa = PBXNativeTarget;
			buildConfigurationList = 7070CEB72B32094F00F8B450 /* Build configuration list for PBXNativeTarget "UAVolunteerTests" */;
			buildPhases = (
				7070CE9C2B32094F00F8B450 /* Sources */,
				7070CE9D2B32094F00F8B450 /* Frameworks */,
				7070CE9E2B32094F00F8B450 /* Resources */,
			);
			buildRules = (
			);
			dependencies = (
				7070CEA22B32094F00F8B450 /* PBXTargetDependency */,
			);
			name = UAVolunteerTests;
			packageProductDependencies = (
				7062A2242B333B8E00BDD02A /* GoogleSignIn */,
				7062A2262B333B8E00BDD02A /* GoogleSignInSwift */,
			);
			productName = UAVolunteerTests;
			productReference = 7070CEA02B32094F00F8B450 /* UAVolunteerTests.xctest */;
			productType = "com.apple.product-type.bundle.unit-test";
		};
		7070CEA92B32094F00F8B450 /* UAVolunteerUITests */ = {
			isa = PBXNativeTarget;
			buildConfigurationList = 7070CEBA2B32094F00F8B450 /* Build configuration list for PBXNativeTarget "UAVolunteerUITests" */;
			buildPhases = (
				7070CEA62B32094F00F8B450 /* Sources */,
				7070CEA72B32094F00F8B450 /* Frameworks */,
				7070CEA82B32094F00F8B450 /* Resources */,
			);
			buildRules = (
			);
			dependencies = (
				7070CEAC2B32094F00F8B450 /* PBXTargetDependency */,
			);
			name = UAVolunteerUITests;
			productName = UAVolunteerUITests;
			productReference = 7070CEAA2B32094F00F8B450 /* UAVolunteerUITests.xctest */;
			productType = "com.apple.product-type.bundle.ui-testing";
		};
/* End PBXNativeTarget section */

/* Begin PBXProject section */
		7070CE822B32094E00F8B450 /* Project object */ = {
			isa = PBXProject;
			attributes = {
				BuildIndependentTargetsInParallel = 1;
				LastSwiftUpdateCheck = 1500;
				LastUpgradeCheck = 1500;
				TargetAttributes = {
					7070CE892B32094E00F8B450 = {
						CreatedOnToolsVersion = 15.0.1;
					};
					7070CE9F2B32094F00F8B450 = {
						CreatedOnToolsVersion = 15.0.1;
						TestTargetID = 7070CE892B32094E00F8B450;
					};
					7070CEA92B32094F00F8B450 = {
						CreatedOnToolsVersion = 15.0.1;
						TestTargetID = 7070CE892B32094E00F8B450;
					};
				};
			};
			buildConfigurationList = 7070CE852B32094E00F8B450 /* Build configuration list for PBXProject "UAVolunteer" */;
			compatibilityVersion = "Xcode 14.0";
			developmentRegion = en;
			hasScannedForEncodings = 0;
			knownRegions = (
				en,
				Base,
			);
			mainGroup = 7070CE812B32094E00F8B450;
			packageReferences = (
				7062A20C2B33290800BDD02A /* XCRemoteSwiftPackageReference "firebase-ios-sdk" */,
				7062A21F2B333A4F00BDD02A /* XCRemoteSwiftPackageReference "GoogleSignIn-iOS" */,
			);
			productRefGroup = 7070CE8B2B32094E00F8B450 /* Products */;
			projectDirPath = "";
			projectRoot = "";
			targets = (
				7070CE892B32094E00F8B450 /* UAVolunteer */,
				7070CE9F2B32094F00F8B450 /* UAVolunteerTests */,
				7070CEA92B32094F00F8B450 /* UAVolunteerUITests */,
			);
		};
/* End PBXProject section */

/* Begin PBXResourcesBuildPhase section */
		7070CE882B32094E00F8B450 /* Resources */ = {
			isa = PBXResourcesBuildPhase;
			buildActionMask = 2147483647;
			files = (
				7070CE9A2B32094F00F8B450 /* LaunchScreen.storyboard in Resources */,
				7062A21E2B333A0400BDD02A /* GoogleService-Info.plist in Resources */,
				70B531CA2B3C5D7200634106 /* Assets.xcassets in Resources */,
				7070CE952B32094E00F8B450 /* Main.storyboard in Resources */,
			);
			runOnlyForDeploymentPostprocessing = 0;
		};
		7070CE9E2B32094F00F8B450 /* Resources */ = {
			isa = PBXResourcesBuildPhase;
			buildActionMask = 2147483647;
			files = (
			);
			runOnlyForDeploymentPostprocessing = 0;
		};
		7070CEA82B32094F00F8B450 /* Resources */ = {
			isa = PBXResourcesBuildPhase;
			buildActionMask = 2147483647;
			files = (
			);
			runOnlyForDeploymentPostprocessing = 0;
		};
/* End PBXResourcesBuildPhase section */

/* Begin PBXSourcesBuildPhase section */
		7070CE862B32094E00F8B450 /* Sources */ = {
			isa = PBXSourcesBuildPhase;
			buildActionMask = 2147483647;
			files = (
				70161F952B459C1300E343A9 /* EventTableViewCell.swift in Sources */,
				704955102B53D86A00E8312E /* Request.swift in Sources */,
				7076240F2B3DC5AD00CF6703 /* DetailViewController.swift in Sources */,
				7070CE922B32094E00F8B450 /* AccountViewController.swift in Sources */,
				70C267962B5479110088C440 /* ProfileViewController.swift in Sources */,
				70161F972B459C2700E343A9 /* EventDetailViewController.swift in Sources */,
				7070CE8E2B32094E00F8B450 /* AppDelegate.swift in Sources */,
				7004816B2B39ADF200672DB4 /* EmailSignViewController.swift in Sources */,
				7070CE902B32094E00F8B450 /* SceneDelegate.swift in Sources */,
				7076240D2B3D64C200CF6703 /* MainTabBarController.swift in Sources */,
				7062A21C2B33343400BDD02A /* MapScreenViewController.swift in Sources */,
				70161F932B459B9700E343A9 /* EventsTableViewController.swift in Sources */,
				707624112B3DC5C700CF6703 /* DetailCollectionViewCell.swift in Sources */,
				700481692B39AC4400672DB4 /* EmailLogViewController.swift in Sources */,
				705E990E2B60195D006F2937 /* CustomButton.swift in Sources */,
			);
			runOnlyForDeploymentPostprocessing = 0;
		};
		7070CE9C2B32094F00F8B450 /* Sources */ = {
			isa = PBXSourcesBuildPhase;
			buildActionMask = 2147483647;
			files = (
				7070CEA52B32094F00F8B450 /* UAVolunteerTests.swift in Sources */,
			);
			runOnlyForDeploymentPostprocessing = 0;
		};
		7070CEA62B32094F00F8B450 /* Sources */ = {
			isa = PBXSourcesBuildPhase;
			buildActionMask = 2147483647;
			files = (
				7070CEAF2B32094F00F8B450 /* UAVolunteerUITests.swift in Sources */,
				7070CEB12B32094F00F8B450 /* UAVolunteerUITestsLaunchTests.swift in Sources */,
			);
			runOnlyForDeploymentPostprocessing = 0;
		};
/* End PBXSourcesBuildPhase section */

/* Begin PBXTargetDependency section */
		7070CEA22B32094F00F8B450 /* PBXTargetDependency */ = {
			isa = PBXTargetDependency;
			target = 7070CE892B32094E00F8B450 /* UAVolunteer */;
			targetProxy = 7070CEA12B32094F00F8B450 /* PBXContainerItemProxy */;
		};
		7070CEAC2B32094F00F8B450 /* PBXTargetDependency */ = {
			isa = PBXTargetDependency;
			target = 7070CE892B32094E00F8B450 /* UAVolunteer */;
			targetProxy = 7070CEAB2B32094F00F8B450 /* PBXContainerItemProxy */;
		};
/* End PBXTargetDependency section */

/* Begin PBXVariantGroup section */
		7070CE932B32094E00F8B450 /* Main.storyboard */ = {
			isa = PBXVariantGroup;
			children = (
				7070CE942B32094E00F8B450 /* Base */,
			);
			name = Main.storyboard;
			sourceTree = "<group>";
		};
		7070CE982B32094F00F8B450 /* LaunchScreen.storyboard */ = {
			isa = PBXVariantGroup;
			children = (
				7070CE992B32094F00F8B450 /* Base */,
			);
			name = LaunchScreen.storyboard;
			sourceTree = "<group>";
		};
/* End PBXVariantGroup section */

/* Begin XCBuildConfiguration section */
		7070CEB22B32094F00F8B450 /* Debug */ = {
			isa = XCBuildConfiguration;
			buildSettings = {
				ALWAYS_SEARCH_USER_PATHS = NO;
				ASSETCATALOG_COMPILER_GENERATE_SWIFT_ASSET_SYMBOL_EXTENSIONS = YES;
				CLANG_ANALYZER_NONNULL = YES;
				CLANG_ANALYZER_NUMBER_OBJECT_CONVERSION = YES_AGGRESSIVE;
				CLANG_CXX_LANGUAGE_STANDARD = "gnu++20";
				CLANG_ENABLE_MODULES = YES;
				CLANG_ENABLE_OBJC_ARC = YES;
				CLANG_ENABLE_OBJC_WEAK = YES;
				CLANG_WARN_BLOCK_CAPTURE_AUTORELEASING = YES;
				CLANG_WARN_BOOL_CONVERSION = YES;
				CLANG_WARN_COMMA = YES;
				CLANG_WARN_CONSTANT_CONVERSION = YES;
				CLANG_WARN_DEPRECATED_OBJC_IMPLEMENTATIONS = YES;
				CLANG_WARN_DIRECT_OBJC_ISA_USAGE = YES_ERROR;
				CLANG_WARN_DOCUMENTATION_COMMENTS = YES;
				CLANG_WARN_EMPTY_BODY = YES;
				CLANG_WARN_ENUM_CONVERSION = YES;
				CLANG_WARN_INFINITE_RECURSION = YES;
				CLANG_WARN_INT_CONVERSION = YES;
				CLANG_WARN_NON_LITERAL_NULL_CONVERSION = YES;
				CLANG_WARN_OBJC_IMPLICIT_RETAIN_SELF = YES;
				CLANG_WARN_OBJC_LITERAL_CONVERSION = YES;
				CLANG_WARN_OBJC_ROOT_CLASS = YES_ERROR;
				CLANG_WARN_QUOTED_INCLUDE_IN_FRAMEWORK_HEADER = YES;
				CLANG_WARN_RANGE_LOOP_ANALYSIS = YES;
				CLANG_WARN_STRICT_PROTOTYPES = YES;
				CLANG_WARN_SUSPICIOUS_MOVE = YES;
				CLANG_WARN_UNGUARDED_AVAILABILITY = YES_AGGRESSIVE;
				CLANG_WARN_UNREACHABLE_CODE = YES;
				CLANG_WARN__DUPLICATE_METHOD_MATCH = YES;
				COPY_PHASE_STRIP = NO;
				DEBUG_INFORMATION_FORMAT = dwarf;
				ENABLE_STRICT_OBJC_MSGSEND = YES;
				ENABLE_TESTABILITY = YES;
				ENABLE_USER_SCRIPT_SANDBOXING = YES;
				GCC_C_LANGUAGE_STANDARD = gnu17;
				GCC_DYNAMIC_NO_PIC = NO;
				GCC_NO_COMMON_BLOCKS = YES;
				GCC_OPTIMIZATION_LEVEL = 0;
				GCC_PREPROCESSOR_DEFINITIONS = (
					"DEBUG=1",
					"$(inherited)",
				);
				GCC_WARN_64_TO_32_BIT_CONVERSION = YES;
				GCC_WARN_ABOUT_RETURN_TYPE = YES_ERROR;
				GCC_WARN_UNDECLARED_SELECTOR = YES;
				GCC_WARN_UNINITIALIZED_AUTOS = YES_AGGRESSIVE;
				GCC_WARN_UNUSED_FUNCTION = YES;
				GCC_WARN_UNUSED_VARIABLE = YES;
				IPHONEOS_DEPLOYMENT_TARGET = 17.0;
				LOCALIZATION_PREFERS_STRING_CATALOGS = YES;
				MTL_ENABLE_DEBUG_INFO = INCLUDE_SOURCE;
				MTL_FAST_MATH = YES;
				ONLY_ACTIVE_ARCH = YES;
				SDKROOT = iphoneos;
				SWIFT_ACTIVE_COMPILATION_CONDITIONS = "DEBUG $(inherited)";
				SWIFT_OPTIMIZATION_LEVEL = "-Onone";
			};
			name = Debug;
		};
		7070CEB32B32094F00F8B450 /* Release */ = {
			isa = XCBuildConfiguration;
			buildSettings = {
				ALWAYS_SEARCH_USER_PATHS = NO;
				ASSETCATALOG_COMPILER_GENERATE_SWIFT_ASSET_SYMBOL_EXTENSIONS = YES;
				CLANG_ANALYZER_NONNULL = YES;
				CLANG_ANALYZER_NUMBER_OBJECT_CONVERSION = YES_AGGRESSIVE;
				CLANG_CXX_LANGUAGE_STANDARD = "gnu++20";
				CLANG_ENABLE_MODULES = YES;
				CLANG_ENABLE_OBJC_ARC = YES;
				CLANG_ENABLE_OBJC_WEAK = YES;
				CLANG_WARN_BLOCK_CAPTURE_AUTORELEASING = YES;
				CLANG_WARN_BOOL_CONVERSION = YES;
				CLANG_WARN_COMMA = YES;
				CLANG_WARN_CONSTANT_CONVERSION = YES;
				CLANG_WARN_DEPRECATED_OBJC_IMPLEMENTATIONS = YES;
				CLANG_WARN_DIRECT_OBJC_ISA_USAGE = YES_ERROR;
				CLANG_WARN_DOCUMENTATION_COMMENTS = YES;
				CLANG_WARN_EMPTY_BODY = YES;
				CLANG_WARN_ENUM_CONVERSION = YES;
				CLANG_WARN_INFINITE_RECURSION = YES;
				CLANG_WARN_INT_CONVERSION = YES;
				CLANG_WARN_NON_LITERAL_NULL_CONVERSION = YES;
				CLANG_WARN_OBJC_IMPLICIT_RETAIN_SELF = YES;
				CLANG_WARN_OBJC_LITERAL_CONVERSION = YES;
				CLANG_WARN_OBJC_ROOT_CLASS = YES_ERROR;
				CLANG_WARN_QUOTED_INCLUDE_IN_FRAMEWORK_HEADER = YES;
				CLANG_WARN_RANGE_LOOP_ANALYSIS = YES;
				CLANG_WARN_STRICT_PROTOTYPES = YES;
				CLANG_WARN_SUSPICIOUS_MOVE = YES;
				CLANG_WARN_UNGUARDED_AVAILABILITY = YES_AGGRESSIVE;
				CLANG_WARN_UNREACHABLE_CODE = YES;
				CLANG_WARN__DUPLICATE_METHOD_MATCH = YES;
				COPY_PHASE_STRIP = NO;
				DEBUG_INFORMATION_FORMAT = "dwarf-with-dsym";
				ENABLE_NS_ASSERTIONS = NO;
				ENABLE_STRICT_OBJC_MSGSEND = YES;
				ENABLE_USER_SCRIPT_SANDBOXING = YES;
				GCC_C_LANGUAGE_STANDARD = gnu17;
				GCC_NO_COMMON_BLOCKS = YES;
				GCC_WARN_64_TO_32_BIT_CONVERSION = YES;
				GCC_WARN_ABOUT_RETURN_TYPE = YES_ERROR;
				GCC_WARN_UNDECLARED_SELECTOR = YES;
				GCC_WARN_UNINITIALIZED_AUTOS = YES_AGGRESSIVE;
				GCC_WARN_UNUSED_FUNCTION = YES;
				GCC_WARN_UNUSED_VARIABLE = YES;
				IPHONEOS_DEPLOYMENT_TARGET = 17.0;
				LOCALIZATION_PREFERS_STRING_CATALOGS = YES;
				MTL_ENABLE_DEBUG_INFO = NO;
				MTL_FAST_MATH = YES;
				SDKROOT = iphoneos;
				SWIFT_COMPILATION_MODE = wholemodule;
				VALIDATE_PRODUCT = YES;
			};
			name = Release;
		};
		7070CEB52B32094F00F8B450 /* Debug */ = {
			isa = XCBuildConfiguration;
			buildSettings = {
				ASSETCATALOG_COMPILER_APPICON_NAME = AppIcon;
				ASSETCATALOG_COMPILER_GLOBAL_ACCENT_COLOR_NAME = AccentColor;
				CODE_SIGN_STYLE = Automatic;
				CURRENT_PROJECT_VERSION = 1;
				DEVELOPMENT_TEAM = GX9AAGRS2C;
				GENERATE_INFOPLIST_FILE = YES;
				INFOPLIST_FILE = UAVolunteer/Info.plist;
				INFOPLIST_KEY_CFBundleDisplayName = UAV;
				INFOPLIST_KEY_LSApplicationCategoryType = "public.app-category.navigation";
				INFOPLIST_KEY_UIApplicationSupportsIndirectInputEvents = YES;
				INFOPLIST_KEY_UILaunchStoryboardName = LaunchScreen.storyboard;
				INFOPLIST_KEY_UIMainStoryboardFile = Main;
				INFOPLIST_KEY_UISupportedInterfaceOrientations_iPad = "UIInterfaceOrientationPortrait UIInterfaceOrientationPortraitUpsideDown UIInterfaceOrientationLandscapeLeft UIInterfaceOrientationLandscapeRight";
				INFOPLIST_KEY_UISupportedInterfaceOrientations_iPhone = "UIInterfaceOrientationPortrait UIInterfaceOrientationLandscapeLeft UIInterfaceOrientationLandscapeRight";
				LD_RUNPATH_SEARCH_PATHS = (
					"$(inherited)",
					"@executable_path/Frameworks",
				);
				MARKETING_VERSION = 1.0;
				PRODUCT_BUNDLE_IDENTIFIER = com.ialexballa.UAVolunteer;
				PRODUCT_NAME = "$(TARGET_NAME)";
				SWIFT_EMIT_LOC_STRINGS = YES;
				SWIFT_VERSION = 5.0;
				TARGETED_DEVICE_FAMILY = "1,2";
			};
			name = Debug;
		};
		7070CEB62B32094F00F8B450 /* Release */ = {
			isa = XCBuildConfiguration;
			buildSettings = {
				ASSETCATALOG_COMPILER_APPICON_NAME = AppIcon;
				ASSETCATALOG_COMPILER_GLOBAL_ACCENT_COLOR_NAME = AccentColor;
				CODE_SIGN_STYLE = Automatic;
				CURRENT_PROJECT_VERSION = 1;
				DEVELOPMENT_TEAM = GX9AAGRS2C;
				GENERATE_INFOPLIST_FILE = YES;
				INFOPLIST_FILE = UAVolunteer/Info.plist;
				INFOPLIST_KEY_CFBundleDisplayName = UAV;
				INFOPLIST_KEY_LSApplicationCategoryType = "public.app-category.navigation";
				INFOPLIST_KEY_UIApplicationSupportsIndirectInputEvents = YES;
				INFOPLIST_KEY_UILaunchStoryboardName = LaunchScreen.storyboard;
				INFOPLIST_KEY_UIMainStoryboardFile = Main;
				INFOPLIST_KEY_UISupportedInterfaceOrientations_iPad = "UIInterfaceOrientationPortrait UIInterfaceOrientationPortraitUpsideDown UIInterfaceOrientationLandscapeLeft UIInterfaceOrientationLandscapeRight";
				INFOPLIST_KEY_UISupportedInterfaceOrientations_iPhone = "UIInterfaceOrientationPortrait UIInterfaceOrientationLandscapeLeft UIInterfaceOrientationLandscapeRight";
				LD_RUNPATH_SEARCH_PATHS = (
					"$(inherited)",
					"@executable_path/Frameworks",
				);
				MARKETING_VERSION = 1.0;
				PRODUCT_BUNDLE_IDENTIFIER = com.ialexballa.UAVolunteer;
				PRODUCT_NAME = "$(TARGET_NAME)";
				SWIFT_EMIT_LOC_STRINGS = YES;
				SWIFT_VERSION = 5.0;
				TARGETED_DEVICE_FAMILY = "1,2";
			};
			name = Release;
		};
		7070CEB82B32094F00F8B450 /* Debug */ = {
			isa = XCBuildConfiguration;
			buildSettings = {
				ALWAYS_EMBED_SWIFT_STANDARD_LIBRARIES = YES;
				BUNDLE_LOADER = "$(TEST_HOST)";
				CODE_SIGN_STYLE = Automatic;
				CURRENT_PROJECT_VERSION = 1;
				DEVELOPMENT_TEAM = GX9AAGRS2C;
				GENERATE_INFOPLIST_FILE = YES;
				IPHONEOS_DEPLOYMENT_TARGET = 17.0;
				MARKETING_VERSION = 1.0;
				PRODUCT_BUNDLE_IDENTIFIER = com.ialexballa.UAVolunteerTests;
				PRODUCT_NAME = "$(TARGET_NAME)";
				SWIFT_EMIT_LOC_STRINGS = NO;
				SWIFT_VERSION = 5.0;
				TARGETED_DEVICE_FAMILY = "1,2";
				TEST_HOST = "$(BUILT_PRODUCTS_DIR)/UAVolunteer.app/$(BUNDLE_EXECUTABLE_FOLDER_PATH)/UAVolunteer";
			};
			name = Debug;
		};
		7070CEB92B32094F00F8B450 /* Release */ = {
			isa = XCBuildConfiguration;
			buildSettings = {
				ALWAYS_EMBED_SWIFT_STANDARD_LIBRARIES = YES;
				BUNDLE_LOADER = "$(TEST_HOST)";
				CODE_SIGN_STYLE = Automatic;
				CURRENT_PROJECT_VERSION = 1;
				DEVELOPMENT_TEAM = GX9AAGRS2C;
				GENERATE_INFOPLIST_FILE = YES;
				IPHONEOS_DEPLOYMENT_TARGET = 17.0;
				MARKETING_VERSION = 1.0;
				PRODUCT_BUNDLE_IDENTIFIER = com.ialexballa.UAVolunteerTests;
				PRODUCT_NAME = "$(TARGET_NAME)";
				SWIFT_EMIT_LOC_STRINGS = NO;
				SWIFT_VERSION = 5.0;
				TARGETED_DEVICE_FAMILY = "1,2";
				TEST_HOST = "$(BUILT_PRODUCTS_DIR)/UAVolunteer.app/$(BUNDLE_EXECUTABLE_FOLDER_PATH)/UAVolunteer";
			};
			name = Release;
		};
		7070CEBB2B32094F00F8B450 /* Debug */ = {
			isa = XCBuildConfiguration;
			buildSettings = {
				ALWAYS_EMBED_SWIFT_STANDARD_LIBRARIES = YES;
				CODE_SIGN_STYLE = Automatic;
				CURRENT_PROJECT_VERSION = 1;
				DEVELOPMENT_TEAM = GX9AAGRS2C;
				GENERATE_INFOPLIST_FILE = YES;
				MARKETING_VERSION = 1.0;
				PRODUCT_BUNDLE_IDENTIFIER = com.ialexballa.UAVolunteerUITests;
				PRODUCT_NAME = "$(TARGET_NAME)";
				SWIFT_EMIT_LOC_STRINGS = NO;
				SWIFT_VERSION = 5.0;
				TARGETED_DEVICE_FAMILY = "1,2";
				TEST_TARGET_NAME = UAVolunteer;
			};
			name = Debug;
		};
		7070CEBC2B32094F00F8B450 /* Release */ = {
			isa = XCBuildConfiguration;
			buildSettings = {
				ALWAYS_EMBED_SWIFT_STANDARD_LIBRARIES = YES;
				CODE_SIGN_STYLE = Automatic;
				CURRENT_PROJECT_VERSION = 1;
				DEVELOPMENT_TEAM = GX9AAGRS2C;
				GENERATE_INFOPLIST_FILE = YES;
				MARKETING_VERSION = 1.0;
				PRODUCT_BUNDLE_IDENTIFIER = com.ialexballa.UAVolunteerUITests;
				PRODUCT_NAME = "$(TARGET_NAME)";
				SWIFT_EMIT_LOC_STRINGS = NO;
				SWIFT_VERSION = 5.0;
				TARGETED_DEVICE_FAMILY = "1,2";
				TEST_TARGET_NAME = UAVolunteer;
			};
			name = Release;
		};
/* End XCBuildConfiguration section */

/* Begin XCConfigurationList section */
		7070CE852B32094E00F8B450 /* Build configuration list for PBXProject "UAVolunteer" */ = {
			isa = XCConfigurationList;
			buildConfigurations = (
				7070CEB22B32094F00F8B450 /* Debug */,
				7070CEB32B32094F00F8B450 /* Release */,
			);
			defaultConfigurationIsVisible = 0;
			defaultConfigurationName = Release;
		};
		7070CEB42B32094F00F8B450 /* Build configuration list for PBXNativeTarget "UAVolunteer" */ = {
			isa = XCConfigurationList;
			buildConfigurations = (
				7070CEB52B32094F00F8B450 /* Debug */,
				7070CEB62B32094F00F8B450 /* Release */,
			);
			defaultConfigurationIsVisible = 0;
			defaultConfigurationName = Release;
		};
		7070CEB72B32094F00F8B450 /* Build configuration list for PBXNativeTarget "UAVolunteerTests" */ = {
			isa = XCConfigurationList;
			buildConfigurations = (
				7070CEB82B32094F00F8B450 /* Debug */,
				7070CEB92B32094F00F8B450 /* Release */,
			);
			defaultConfigurationIsVisible = 0;
			defaultConfigurationName = Release;
		};
		7070CEBA2B32094F00F8B450 /* Build configuration list for PBXNativeTarget "UAVolunteerUITests" */ = {
			isa = XCConfigurationList;
			buildConfigurations = (
				7070CEBB2B32094F00F8B450 /* Debug */,
				7070CEBC2B32094F00F8B450 /* Release */,
			);
			defaultConfigurationIsVisible = 0;
			defaultConfigurationName = Release;
		};
/* End XCConfigurationList section */

/* Begin XCRemoteSwiftPackageReference section */
		7062A20C2B33290800BDD02A /* XCRemoteSwiftPackageReference "firebase-ios-sdk" */ = {
			isa = XCRemoteSwiftPackageReference;
			repositoryURL = "https://github.com/firebase/firebase-ios-sdk";
			requirement = {
				kind = upToNextMajorVersion;
				minimumVersion = 10.19.1;
			};
		};
		7062A21F2B333A4F00BDD02A /* XCRemoteSwiftPackageReference "GoogleSignIn-iOS" */ = {
			isa = XCRemoteSwiftPackageReference;
			repositoryURL = "https://github.com/google/GoogleSignIn-iOS";
			requirement = {
				kind = upToNextMajorVersion;
				minimumVersion = 7.0.0;
			};
		};
/* End XCRemoteSwiftPackageReference section */

/* Begin XCSwiftPackageProductDependency section */
		7062A20D2B33290800BDD02A /* FirebaseAuth */ = {
			isa = XCSwiftPackageProductDependency;
			package = 7062A20C2B33290800BDD02A /* XCRemoteSwiftPackageReference "firebase-ios-sdk" */;
			productName = FirebaseAuth;
		};
		7062A20F2B33290800BDD02A /* FirebaseDatabase */ = {
			isa = XCSwiftPackageProductDependency;
			package = 7062A20C2B33290800BDD02A /* XCRemoteSwiftPackageReference "firebase-ios-sdk" */;
			productName = FirebaseDatabase;
		};
		7062A2112B33290800BDD02A /* FirebaseDatabaseSwift */ = {
			isa = XCSwiftPackageProductDependency;
			package = 7062A20C2B33290800BDD02A /* XCRemoteSwiftPackageReference "firebase-ios-sdk" */;
			productName = FirebaseDatabaseSwift;
		};
		7062A2132B33290800BDD02A /* FirebaseFirestore */ = {
			isa = XCSwiftPackageProductDependency;
			package = 7062A20C2B33290800BDD02A /* XCRemoteSwiftPackageReference "firebase-ios-sdk" */;
			productName = FirebaseFirestore;
		};
		7062A2152B33290800BDD02A /* FirebaseFirestoreSwift */ = {
			isa = XCSwiftPackageProductDependency;
			package = 7062A20C2B33290800BDD02A /* XCRemoteSwiftPackageReference "firebase-ios-sdk" */;
			productName = FirebaseFirestoreSwift;
		};
		7062A2172B33290800BDD02A /* FirebaseStorage */ = {
			isa = XCSwiftPackageProductDependency;
			package = 7062A20C2B33290800BDD02A /* XCRemoteSwiftPackageReference "firebase-ios-sdk" */;
			productName = FirebaseStorage;
		};
		7062A2202B333A4F00BDD02A /* GoogleSignIn */ = {
			isa = XCSwiftPackageProductDependency;
			package = 7062A21F2B333A4F00BDD02A /* XCRemoteSwiftPackageReference "GoogleSignIn-iOS" */;
			productName = GoogleSignIn;
		};
		7062A2222B333A4F00BDD02A /* GoogleSignInSwift */ = {
			isa = XCSwiftPackageProductDependency;
			package = 7062A21F2B333A4F00BDD02A /* XCRemoteSwiftPackageReference "GoogleSignIn-iOS" */;
			productName = GoogleSignInSwift;
		};
		7062A2242B333B8E00BDD02A /* GoogleSignIn */ = {
			isa = XCSwiftPackageProductDependency;
			package = 7062A21F2B333A4F00BDD02A /* XCRemoteSwiftPackageReference "GoogleSignIn-iOS" */;
			productName = GoogleSignIn;
		};
		7062A2262B333B8E00BDD02A /* GoogleSignInSwift */ = {
			isa = XCSwiftPackageProductDependency;
			package = 7062A21F2B333A4F00BDD02A /* XCRemoteSwiftPackageReference "GoogleSignIn-iOS" */;
			productName = GoogleSignInSwift;
		};
/* End XCSwiftPackageProductDependency section */
	};
	rootObject = 7070CE822B32094E00F8B450 /* Project object */;
}
